
Microsoft Visual Studio Solution File, Format Version 12.00
# Visual Studio Version 16
VisualStudioVersion = 16.0.30309.148
MinimumVisualStudioVersion = 10.0.40219.1
Project("{00D1A9C2-B5F0-4AF3-8072-F6C62B433612}") = "BWLData", "BWLData\BWLData.sqlproj", "{C6C4FCED-1000-460B-B660-D177BAA0CD3E}"
EndProject
Project("{FAE04EC0-301F-11D3-BF4B-00C04F79EFBC}") = "BWLDesktopUI", "BWLDesktopUI\BWLDesktopUI.csproj", "{014B7736-F8DA-4C03-98B3-4C084FA54D83}"
EndProject
Project("{FAE04EC0-301F-11D3-BF4B-00C04F79EFBC}") = "BWLData.Library", "BWLData.Library\BWLData.Library.csproj", "{39D5742F-8CC5-411C-8CB1-A9192C60F73B}"
EndProject
Global
	GlobalSection(SolutionConfigurationPlatforms) = preSolution
		Debug|Any CPU = Debug|Any CPU
		Release|Any CPU = Release|Any CPU
	EndGlobalSection
	GlobalSection(ProjectConfigurationPlatforms) = postSolution
		{C6C4FCED-1000-460B-B660-D177BAA0CD3E}.Debug|Any CPU.ActiveCfg = Debug|Any CPU
		{C6C4FCED-1000-460B-B660-D177BAA0CD3E}.Debug|Any CPU.Build.0 = Debug|Any CPU
		{C6C4FCED-1000-460B-B660-D177BAA0CD3E}.Debug|Any CPU.Deploy.0 = Debug|Any CPU
		{C6C4FCED-1000-460B-B660-D177BAA0CD3E}.Release|Any CPU.ActiveCfg = Release|Any CPU
		{C6C4FCED-1000-460B-B660-D177BAA0CD3E}.Release|Any CPU.Build.0 = Release|Any CPU
		{C6C4FCED-1000-460B-B660-D177BAA0CD3E}.Release|Any CPU.Deploy.0 = Release|Any CPU
		{014B7736-F8DA-4C03-98B3-4C084FA54D83}.Debug|Any CPU.ActiveCfg = Debug|Any CPU
		{014B7736-F8DA-4C03-98B3-4C084FA54D83}.Debug|Any CPU.Build.0 = Debug|Any CPU
		{014B7736-F8DA-4C03-98B3-4C084FA54D83}.Release|Any CPU.ActiveCfg = Release|Any CPU
		{014B7736-F8DA-4C03-98B3-4C084FA54D83}.Release|Any CPU.Build.0 = Release|Any CPU
		{39D5742F-8CC5-411C-8CB1-A9192C60F73B}.Debug|Any CPU.ActiveCfg = Debug|Any CPU
		{39D5742F-8CC5-411C-8CB1-A9192C60F73B}.Debug|Any CPU.Build.0 = Debug|Any CPU
		{39D5742F-8CC5-411C-8CB1-A9192C60F73B}.Release|Any CPU.ActiveCfg = Release|Any CPU
		{39D5742F-8CC5-411C-8CB1-A9192C60F73B}.Release|Any CPU.Build.0 = Release|Any CPU
	EndGlobalSection
	GlobalSection(SolutionProperties) = preSolution
		HideSolutionNode = FALSE
	EndGlobalSection
	GlobalSection(ExtensibilityGlobals) = postSolution
		SolutionGuid = {93B4FB27-0A6D-432B-A0FF-A606D7C3B844}
	EndGlobalSection
EndGlobal
